
Microsoft Visual Studio Solution File, Format Version 12.00
# Visual Studio Version 17
VisualStudioVersion = 17.11.35303.130
MinimumVisualStudioVersion = 10.0.40219.1
Project("{9A19103F-16F7-4668-BE54-9A1E7A4F7556}") = "SU.Backend", "SU.Backend\SU.Backend.csproj", "{11FF9603-CC16-48CB-A671-08982EA33E2E}"
EndProject
Project("{FAE04EC0-301F-11D3-BF4B-00C04F79EFBC}") = "SU.Frontend", "SU.Frontend\SU.Frontend.csproj", "{2AA24285-A320-4FFC-8CF8-20B3220989E0}"
EndProject
Global
	GlobalSection(SolutionConfigurationPlatforms) = preSolution
		Debug|Any CPU = Debug|Any CPU
		Release|Any CPU = Release|Any CPU
	EndGlobalSection
	GlobalSection(ProjectConfigurationPlatforms) = postSolution
		{11FF9603-CC16-48CB-A671-08982EA33E2E}.Debug|Any CPU.ActiveCfg = Debug|Any CPU
		{11FF9603-CC16-48CB-A671-08982EA33E2E}.Debug|Any CPU.Build.0 = Debug|Any CPU
		{11FF9603-CC16-48CB-A671-08982EA33E2E}.Release|Any CPU.ActiveCfg = Release|Any CPU
		{11FF9603-CC16-48CB-A671-08982EA33E2E}.Release|Any CPU.Build.0 = Release|Any CPU
		{2AA24285-A320-4FFC-8CF8-20B3220989E0}.Debug|Any CPU.ActiveCfg = Debug|Any CPU
		{2AA24285-A320-4FFC-8CF8-20B3220989E0}.Debug|Any CPU.Build.0 = Debug|Any CPU
		{2AA24285-A320-4FFC-8CF8-20B3220989E0}.Release|Any CPU.ActiveCfg = Release|Any CPU
		{2AA24285-A320-4FFC-8CF8-20B3220989E0}.Release|Any CPU.Build.0 = Release|Any CPU
	EndGlobalSection
	GlobalSection(SolutionProperties) = preSolution
		HideSolutionNode = FALSE
	EndGlobalSection
	GlobalSection(ExtensibilityGlobals) = postSolution
		SolutionGuid = {2F27B707-49D9-4809-BFEF-69BE1639052A}
	EndGlobalSection
EndGlobal
